
Microsoft Visual Studio Solution File, Format Version 12.00
# Visual Studio Version 17
VisualStudioVersion = 17.3.32929.385
MinimumVisualStudioVersion = 10.0.40219.1
Project("{9A19103F-16F7-4668-BE54-9A1E7A4F7556}") = "Real-TimeTaskManagement", "Real-TimeTaskManagement\Real-TimeTaskManagement.csproj", "{8DC51308-53DA-41CD-B9E1-F88C83CA086A}"
EndProject
Project("{FAE04EC0-301F-11D3-BF4B-00C04F79EFBC}") = "Models", "Models\Models.csproj", "{EEC81D4A-A264-4CC5-AD20-323C00249C90}"
EndProject
Project("{FAE04EC0-301F-11D3-BF4B-00C04F79EFBC}") = "Infrastructure", "Infrastructure\Infrastructure.csproj", "{B1DE2B32-E83F-47F1-98B0-7C2F6CF8BB13}"
EndProject
Global
	GlobalSection(SolutionConfigurationPlatforms) = preSolution
		Debug|Any CPU = Debug|Any CPU
		Release|Any CPU = Release|Any CPU
	EndGlobalSection
	GlobalSection(ProjectConfigurationPlatforms) = postSolution
		{8DC51308-53DA-41CD-B9E1-F88C83CA086A}.Debug|Any CPU.ActiveCfg = Debug|Any CPU
		{8DC51308-53DA-41CD-B9E1-F88C83CA086A}.Debug|Any CPU.Build.0 = Debug|Any CPU
		{8DC51308-53DA-41CD-B9E1-F88C83CA086A}.Release|Any CPU.ActiveCfg = Release|Any CPU
		{8DC51308-53DA-41CD-B9E1-F88C83CA086A}.Release|Any CPU.Build.0 = Release|Any CPU
		{EEC81D4A-A264-4CC5-AD20-323C00249C90}.Debug|Any CPU.ActiveCfg = Debug|Any CPU
		{EEC81D4A-A264-4CC5-AD20-323C00249C90}.Debug|Any CPU.Build.0 = Debug|Any CPU
		{EEC81D4A-A264-4CC5-AD20-323C00249C90}.Release|Any CPU.ActiveCfg = Release|Any CPU
		{EEC81D4A-A264-4CC5-AD20-323C00249C90}.Release|Any CPU.Build.0 = Release|Any CPU
		{B1DE2B32-E83F-47F1-98B0-7C2F6CF8BB13}.Debug|Any CPU.ActiveCfg = Debug|Any CPU
		{B1DE2B32-E83F-47F1-98B0-7C2F6CF8BB13}.Debug|Any CPU.Build.0 = Debug|Any CPU
		{B1DE2B32-E83F-47F1-98B0-7C2F6CF8BB13}.Release|Any CPU.ActiveCfg = Release|Any CPU
		{B1DE2B32-E83F-47F1-98B0-7C2F6CF8BB13}.Release|Any CPU.Build.0 = Release|Any CPU
	EndGlobalSection
	GlobalSection(SolutionProperties) = preSolution
		HideSolutionNode = FALSE
	EndGlobalSection
	GlobalSection(ExtensibilityGlobals) = postSolution
		SolutionGuid = {D8C14BB1-352C-4721-A2B3-FBE467658063}
	EndGlobalSection
EndGlobal
